
Microsoft Visual Studio Solution File, Format Version 12.00
# Visual Studio Version 17
VisualStudioVersion = 17.2.32616.157
MinimumVisualStudioVersion = 10.0.40219.1
Project("{9A19103F-16F7-4668-BE54-9A1E7A4F7556}") = "ass4", "ass4.csproj", "{3AB72543-FAFE-4AD8-9663-1FCD304C0530}"
EndProject
Global
	GlobalSection(SolutionConfigurationPlatforms) = preSolution
		Debug|Any CPU = Debug|Any CPU
		Release|Any CPU = Release|Any CPU
	EndGlobalSection
	GlobalSection(ProjectConfigurationPlatforms) = postSolution
		{3AB72543-FAFE-4AD8-9663-1FCD304C0530}.Debug|Any CPU.ActiveCfg = Debug|Any CPU
		{3AB72543-FAFE-4AD8-9663-1FCD304C0530}.Debug|Any CPU.Build.0 = Debug|Any CPU
		{3AB72543-FAFE-4AD8-9663-1FCD304C0530}.Release|Any CPU.ActiveCfg = Release|Any CPU
		{3AB72543-FAFE-4AD8-9663-1FCD304C0530}.Release|Any CPU.Build.0 = Release|Any CPU
	EndGlobalSection
	GlobalSection(SolutionProperties) = preSolution
		HideSolutionNode = FALSE
	EndGlobalSection
	GlobalSection(ExtensibilityGlobals) = postSolution
		SolutionGuid = {BEFE5340-1D13-45E5-AAEF-A9E1D4ACAC72}
	EndGlobalSection
EndGlobal
